// !$*UTF8*$!
{
	archiveVersion = 1;
	classes = {
	};
	objectVersion = 46;
	objects = {

/* Begin PBXBuildFile section */
		CCC437241ACA2583008D5250 /* AppDelegate.swift in Sources */ = {isa = PBXBuildFile; fileRef = CCC437231ACA2583008D5250 /* AppDelegate.swift */; };
		CCC437261ACA2583008D5250 /* ViewController.swift in Sources */ = {isa = PBXBuildFile; fileRef = CCC437251ACA2583008D5250 /* ViewController.swift */; };
		CCC437291ACA2583008D5250 /* Main.storyboard in Resources */ = {isa = PBXBuildFile; fileRef = CCC437271ACA2583008D5250 /* Main.storyboard */; };
		CCC4372B1ACA2583008D5250 /* Images.xcassets in Resources */ = {isa = PBXBuildFile; fileRef = CCC4372A1ACA2583008D5250 /* Images.xcassets */; };
		CCC4372E1ACA2583008D5250 /* LaunchScreen.xib in Resources */ = {isa = PBXBuildFile; fileRef = CCC4372C1ACA2583008D5250 /* LaunchScreen.xib */; };
		CCC4373A1ACA2583008D5250 /* MyMovieTests.swift in Sources */ = {isa = PBXBuildFile; fileRef = CCC437391ACA2583008D5250 /* MyMovieTests.swift */; };
		CCC437471ACA270D008D5250 /* trailer1.mp4 in Resources */ = {isa = PBXBuildFile; fileRef = CCC437461ACA270D008D5250 /* trailer1.mp4 */; };
/* End PBXBuildFile section */

/* Begin PBXContainerItemProxy section */
		CCC437341ACA2583008D5250 /* PBXContainerItemProxy */ = {
			isa = PBXContainerItemProxy;
			containerPortal = CCC437161ACA2583008D5250 /* Project object */;
			proxyType = 1;
			remoteGlobalIDString = CCC4371D1ACA2583008D5250;
			remoteInfo = MyMovie;
		};
/* End PBXContainerItemProxy section */

/* Begin PBXFileReference section */
		CCC4371E1ACA2583008D5250 /* MyMovie.app */ = {isa = PBXFileReference; explicitFileType = wrapper.application; includeInIndex = 0; path = MyMovie.app; sourceTree = BUILT_PRODUCTS_DIR; };
		CCC437221ACA2583008D5250 /* Info.plist */ = {isa = PBXFileReference; lastKnownFileType = text.plist.xml; path = Info.plist; sourceTree = "<group>"; };
		CCC437231ACA2583008D5250 /* AppDelegate.swift */ = {isa = PBXFileReference; lastKnownFileType = sourcecode.swift; path = AppDelegate.swift; sourceTree = "<group>"; };
		CCC437251ACA2583008D5250 /* ViewController.swift */ = {isa = PBXFileReference; lastKnownFileType = sourcecode.swift; path = ViewController.swift; sourceTree = "<group>"; };
		CCC437281ACA2583008D5250 /* Base */ = {isa = PBXFileReference; lastKnownFileType = file.storyboard; name = Base; path = Base.lproj/Main.storyboard; sourceTree = "<group>"; };
		CCC4372A1ACA2583008D5250 /* Images.xcassets */ = {isa = PBXFileReference; lastKnownFileType = folder.assetcatalog; path = Images.xcassets; sourceTree = "<group>"; };
		CCC4372D1ACA2583008D5250 /* Base */ = {isa = PBXFileReference; lastKnownFileType = file.xib; name = Base; path = Base.lproj/LaunchScreen.xib; sourceTree = "<group>"; };
		CCC437331ACA2583008D5250 /* MyMovieTests.xctest */ = {isa = PBXFileReference; explicitFileType = wrapper.cfbundle; includeInIndex = 0; path = MyMovieTests.xctest; sourceTree = BUILT_PRODUCTS_DIR; };
		CCC437381ACA2583008D5250 /* Info.plist */ = {isa = PBXFileReference; lastKnownFileType = text.plist.xml; path = Info.plist; sourceTree = "<group>"; };
		CCC437391ACA2583008D5250 /* MyMovieTests.swift */ = {isa = PBXFileReference; lastKnownFileType = sourcecode.swift; path = MyMovieTests.swift; sourceTree = "<group>"; };
		CCC437461ACA270D008D5250 /* trailer1.mp4 */ = {isa = PBXFileReference; lastKnownFileType = file; path = trailer1.mp4; sourceTree = "<group>"; };
/* End PBXFileReference section */

/* Begin PBXFrameworksBuildPhase section */
		CCC4371B1ACA2583008D5250 /* Frameworks */ = {
			isa = PBXFrameworksBuildPhase;
			buildActionMask = 2147483647;
			files = (
			);
			runOnlyForDeploymentPostprocessing = 0;
		};
		CCC437301ACA2583008D5250 /* Frameworks */ = {
			isa = PBXFrameworksBuildPhase;
			buildActionMask = 2147483647;
			files = (
			);
			runOnlyForDeploymentPostprocessing = 0;
		};
/* End PBXFrameworksBuildPhase section */

/* Begin PBXGroup section */
		CCC437151ACA2583008D5250 = {
			isa = PBXGroup;
			children = (
				CCC437431ACA26AB008D5250 /* Video */,
				CCC437201ACA2583008D5250 /* MyMovie */,
				CCC437361ACA2583008D5250 /* MyMovieTests */,
				CCC4371F1ACA2583008D5250 /* Products */,
			);
			sourceTree = "<group>";
		};
		CCC4371F1ACA2583008D5250 /* Products */ = {
			isa = PBXGroup;
			children = (
				CCC4371E1ACA2583008D5250 /* MyMovie.app */,
				CCC437331ACA2583008D5250 /* MyMovieTests.xctest */,
			);
			name = Products;
			sourceTree = "<group>";
		};
		CCC437201ACA2583008D5250 /* MyMovie */ = {
			isa = PBXGroup;
			children = (
				CCC437231ACA2583008D5250 /* AppDelegate.swift */,
				CCC437251ACA2583008D5250 /* ViewController.swift */,
				CCC437271ACA2583008D5250 /* Main.storyboard */,
				CCC4372A1ACA2583008D5250 /* Images.xcassets */,
				CCC4372C1ACA2583008D5250 /* LaunchScreen.xib */,
				CCC437211ACA2583008D5250 /* Supporting Files */,
			);
			path = MyMovie;
			sourceTree = "<group>";
		};
		CCC437211ACA2583008D5250 /* Supporting Files */ = {
			isa = PBXGroup;
			children = (
				CCC437221ACA2583008D5250 /* Info.plist */,
			);
			name = "Supporting Files";
			sourceTree = "<group>";
		};
		CCC437361ACA2583008D5250 /* MyMovieTests */ = {
			isa = PBXGroup;
			children = (
				CCC437391ACA2583008D5250 /* MyMovieTests.swift */,
				CCC437371ACA2583008D5250 /* Supporting Files */,
			);
			path = MyMovieTests;
			sourceTree = "<group>";
		};
		CCC437371ACA2583008D5250 /* Supporting Files */ = {
			isa = PBXGroup;
			children = (
				CCC437381ACA2583008D5250 /* Info.plist */,
			);
			name = "Supporting Files";
			sourceTree = "<group>";
		};
		CCC437431ACA26AB008D5250 /* Video */ = {
			isa = PBXGroup;
			children = (
				CCC437461ACA270D008D5250 /* trailer1.mp4 */,
			);
			name = Video;
			sourceTree = "<group>";
		};
/* End PBXGroup section */

/* Begin PBXNativeTarget section */
		CCC4371D1ACA2583008D5250 /* MyMovie */ = {
			isa = PBXNativeTarget;
			buildConfigurationList = CCC4373D1ACA2583008D5250 /* Build configuration list for PBXNativeTarget "MyMovie" */;
			buildPhases = (
				CCC4371A1ACA2583008D5250 /* Sources */,
				CCC4371B1ACA2583008D5250 /* Frameworks */,
				CCC4371C1ACA2583008D5250 /* Resources */,
			);
			buildRules = (
			);
			dependencies = (
			);
			name = MyMovie;
			productName = MyMovie;
			productReference = CCC4371E1ACA2583008D5250 /* MyMovie.app */;
			productType = "com.apple.product-type.application";
		};
		CCC437321ACA2583008D5250 /* MyMovieTests */ = {
			isa = PBXNativeTarget;
			buildConfigurationList = CCC437401ACA2583008D5250 /* Build configuration list for PBXNativeTarget "MyMovieTests" */;
			buildPhases = (
				CCC4372F1ACA2583008D5250 /* Sources */,
				CCC437301ACA2583008D5250 /* Frameworks */,
				CCC437311ACA2583008D5250 /* Resources */,
			);
			buildRules = (
			);
			dependencies = (
				CCC437351ACA2583008D5250 /* PBXTargetDependency */,
			);
			name = MyMovieTests;
			productName = MyMovieTests;
			productReference = CCC437331ACA2583008D5250 /* MyMovieTests.xctest */;
			productType = "com.apple.product-type.bundle.unit-test";
		};
/* End PBXNativeTarget section */

/* Begin PBXProject section */
		CCC437161ACA2583008D5250 /* Project object */ = {
			isa = PBXProject;
			attributes = {
				LastUpgradeCheck = 0620;
				ORGANIZATIONNAME = "Rock Valley College";
				TargetAttributes = {
					CCC4371D1ACA2583008D5250 = {
						CreatedOnToolsVersion = 6.2;
					};
					CCC437321ACA2583008D5250 = {
						CreatedOnToolsVersion = 6.2;
						TestTargetID = CCC4371D1ACA2583008D5250;
					};
				};
			};
			buildConfigurationList = CCC437191ACA2583008D5250 /* Build configuration list for PBXProject "MyMovie" */;
			compatibilityVersion = "Xcode 3.2";
			developmentRegion = English;
			hasScannedForEncodings = 0;
			knownRegions = (
				en,
				Base,
			);
			mainGroup = CCC437151ACA2583008D5250;
			productRefGroup = CCC4371F1ACA2583008D5250 /* Products */;
			projectDirPath = "";
			projectRoot = "";
			targets = (
				CCC4371D1ACA2583008D5250 /* MyMovie */,
				CCC437321ACA2583008D5250 /* MyMovieTests */,
			);
		};
/* End PBXProject section */

/* Begin PBXResourcesBuildPhase section */
		CCC4371C1ACA2583008D5250 /* Resources */ = {
			isa = PBXResourcesBuildPhase;
			buildActionMask = 2147483647;
			files = (
				CCC437291ACA2583008D5250 /* Main.storyboard in Resources */,
				CCC437471ACA270D008D5250 /* trailer1.mp4 in Resources */,
				CCC4372E1ACA2583008D5250 /* LaunchScreen.xib in Resources */,
				CCC4372B1ACA2583008D5250 /* Images.xcassets in Resources */,
			);
			runOnlyForDeploymentPostprocessing = 0;
		};
		CCC437311ACA2583008D5250 /* Resources */ = {
			isa = PBXResourcesBuildPhase;
			buildActionMask = 2147483647;
			files = (
			);
			runOnlyForDeploymentPostprocessing = 0;
		};
/* End PBXResourcesBuildPhase section */

/* Begin PBXSourcesBuildPhase section */
		CCC4371A1ACA2583008D5250 /* Sources */ = {
			isa = PBXSourcesBuildPhase;
			buildActionMask = 2147483647;
			files = (
				CCC437261ACA2583008D5250 /* ViewController.swift in Sources */,
				CCC437241ACA2583008D5250 /* AppDelegate.swift in Sources */,
			);
			runOnlyForDeploymentPostprocessing = 0;
		};
		CCC4372F1ACA2583008D5250 /* Sources */ = {
			isa = PBXSourcesBuildPhase;
			buildActionMask = 2147483647;
			files = (
				CCC4373A1ACA2583008D5250 /* MyMovieTests.swift in Sources */,
			);
			runOnlyForDeploymentPostprocessing = 0;
		};
/* End PBXSourcesBuildPhase section */

/* Begin PBXTargetDependency section */
		CCC437351ACA2583008D5250 /* PBXTargetDependency */ = {
			isa = PBXTargetDependency;
			target = CCC4371D1ACA2583008D5250 /* MyMovie */;
			targetProxy = CCC437341ACA2583008D5250 /* PBXContainerItemProxy */;
		};
/* End PBXTargetDependency section */

/* Begin PBXVariantGroup section */
		CCC437271ACA2583008D5250 /* Main.storyboard */ = {
			isa = PBXVariantGroup;
			children = (
				CCC437281ACA2583008D5250 /* Base */,
			);
			name = Main.storyboard;
			sourceTree = "<group>";
		};
		CCC4372C1ACA2583008D5250 /* LaunchScreen.xib */ = {
			isa = PBXVariantGroup;
			children = (
				CCC4372D1ACA2583008D5250 /* Base */,
			);
			name = LaunchScreen.xib;
			sourceTree = "<group>";
		};
/* End PBXVariantGroup section */

/* Begin XCBuildConfiguration section */
		CCC4373B1ACA2583008D5250 /* Debug */ = {
			isa = XCBuildConfiguration;
			buildSettings = {
				ALWAYS_SEARCH_USER_PATHS = NO;
				CLANG_CXX_LANGUAGE_STANDARD = "gnu++0x";
				CLANG_CXX_LIBRARY = "libc++";
				CLANG_ENABLE_MODULES = YES;
				CLANG_ENABLE_OBJC_ARC = YES;
				CLANG_WARN_BOOL_CONVERSION = YES;
				CLANG_WARN_CONSTANT_CONVERSION = YES;
				CLANG_WARN_DIRECT_OBJC_ISA_USAGE = YES_ERROR;
				CLANG_WARN_EMPTY_BODY = YES;
				CLANG_WARN_ENUM_CONVERSION = YES;
				CLANG_WARN_INT_CONVERSION = YES;
				CLANG_WARN_OBJC_ROOT_CLASS = YES_ERROR;
				CLANG_WARN_UNREACHABLE_CODE = YES;
				CLANG_WARN__DUPLICATE_METHOD_MATCH = YES;
				"CODE_SIGN_IDENTITY[sdk=iphoneos*]" = "iPhone Developer";
				COPY_PHASE_STRIP = NO;
				ENABLE_STRICT_OBJC_MSGSEND = YES;
				GCC_C_LANGUAGE_STANDARD = gnu99;
				GCC_DYNAMIC_NO_PIC = NO;
				GCC_OPTIMIZATION_LEVEL = 0;
				GCC_PREPROCESSOR_DEFINITIONS = (
					"DEBUG=1",
					"$(inherited)",
				);
				GCC_SYMBOLS_PRIVATE_EXTERN = NO;
				GCC_WARN_64_TO_32_BIT_CONVERSION = YES;
				GCC_WARN_ABOUT_RETURN_TYPE = YES_ERROR;
				GCC_WARN_UNDECLARED_SELECTOR = YES;
				GCC_WARN_UNINITIALIZED_AUTOS = YES_AGGRESSIVE;
				GCC_WARN_UNUSED_FUNCTION = YES;
				GCC_WARN_UNUSED_VARIABLE = YES;
				IPHONEOS_DEPLOYMENT_TARGET = 8.2;
				MTL_ENABLE_DEBUG_INFO = YES;
				ONLY_ACTIVE_ARCH = YES;
				SDKROOT = iphoneos;
				SWIFT_OPTIMIZATION_LEVEL = "-Onone";
			};
			name = Debug;
		};
		CCC4373C1ACA2583008D5250 /* Release */ = {
			isa = XCBuildConfiguration;
			buildSettings = {
				ALWAYS_SEARCH_USER_PATHS = NO;
				CLANG_CXX_LANGUAGE_STANDARD = "gnu++0x";
				CLANG_CXX_LIBRARY = "libc++";
				CLANG_ENABLE_MODULES = YES;
				CLANG_ENABLE_OBJC_ARC = YES;
				CLANG_WARN_BOOL_CONVERSION = YES;
				CLANG_WARN_CONSTANT_CONVERSION = YES;
				CLANG_WARN_DIRECT_OBJC_ISA_USAGE = YES_ERROR;
				CLANG_WARN_EMPTY_BODY = YES;
				CLANG_WARN_ENUM_CONVERSION = YES;
				CLANG_WARN_INT_CONVERSION = YES;
				CLANG_WARN_OBJC_ROOT_CLASS = YES_ERROR;
				CLANG_WARN_UNREACHABLE_CODE = YES;
				CLANG_WARN__DUPLICATE_METHOD_MATCH = YES;
				"CODE_SIGN_IDENTITY[sdk=iphoneos*]" = "iPhone Developer";
				COPY_PHASE_STRIP = NO;
				ENABLE_NS_ASSERTIONS = NO;
				ENABLE_STRICT_OBJC_MSGSEND = YES;
				GCC_C_LANGUAGE_STANDARD = gnu99;
				GCC_WARN_64_TO_32_BIT_CONVERSION = YES;
				GCC_WARN_ABOUT_RETURN_TYPE = YES_ERROR;
				GCC_WARN_UNDECLARED_SELECTOR = YES;
				GCC_WARN_UNINITIALIZED_AUTOS = YES_AGGRESSIVE;
				GCC_WARN_UNUSED_FUNCTION = YES;
				GCC_WARN_UNUSED_VARIABLE = YES;
				IPHONEOS_DEPLOYMENT_TARGET = 8.2;
				MTL_ENABLE_DEBUG_INFO = NO;
				SDKROOT = iphoneos;
				VALIDATE_PRODUCT = YES;
			};
			name = Release;
		};
		CCC4373E1ACA2583008D5250 /* Debug */ = {
			isa = XCBuildConfiguration;
			buildSettings = {
				ASSETCATALOG_COMPILER_APPICON_NAME = AppIcon;
				INFOPLIST_FILE = MyMovie/Info.plist;
				LD_RUNPATH_SEARCH_PATHS = "$(inherited) @executable_path/Frameworks";
				PRODUCT_NAME = "$(TARGET_NAME)";
			};
			name = Debug;
		};
		CCC4373F1ACA2583008D5250 /* Release */ = {
			isa = XCBuildConfiguration;
			buildSettings = {
				ASSETCATALOG_COMPILER_APPICON_NAME = AppIcon;
				INFOPLIST_FILE = MyMovie/Info.plist;
				LD_RUNPATH_SEARCH_PATHS = "$(inherited) @executable_path/Frameworks";
				PRODUCT_NAME = "$(TARGET_NAME)";
			};
			name = Release;
		};
		CCC437411ACA2583008D5250 /* Debug */ = {
			isa = XCBuildConfiguration;
			buildSettings = {
				BUNDLE_LOADER = "$(TEST_HOST)";
				FRAMEWORK_SEARCH_PATHS = (
					"$(SDKROOT)/Developer/Library/Frameworks",
					"$(inherited)",
				);
				GCC_PREPROCESSOR_DEFINITIONS = (
					"DEBUG=1",
					"$(inherited)",
				);
				INFOPLIST_FILE = MyMovieTests/Info.plist;
				LD_RUNPATH_SEARCH_PATHS = "$(inherited) @executable_path/Frameworks @loader_path/Frameworks";
				PRODUCT_NAME = "$(TARGET_NAME)";
				TEST_HOST = "$(BUILT_PRODUCTS_DIR)/MyMovie.app/MyMovie";
			};
			name = Debug;
		};
		CCC437421ACA2583008D5250 /* Release */ = {
			isa = XCBuildConfiguration;
			buildSettings = {
				BUNDLE_LOADER = "$(TEST_HOST)";
				FRAMEWORK_SEARCH_PATHS = (
					"$(SDKROOT)/Developer/Library/Frameworks",
					"$(inherited)",
				);
				INFOPLIST_FILE = MyMovieTests/Info.plist;
				LD_RUNPATH_SEARCH_PATHS = "$(inherited) @executable_path/Frameworks @loader_path/Frameworks";
				PRODUCT_NAME = "$(TARGET_NAME)";
				TEST_HOST = "$(BUILT_PRODUCTS_DIR)/MyMovie.app/MyMovie";
			};
			name = Release;
		};
/* End XCBuildConfiguration section */

/* Begin XCConfigurationList section */
		CCC437191ACA2583008D5250 /* Build configuration list for PBXProject "MyMovie" */ = {
			isa = XCConfigurationList;
			buildConfigurations = (
				CCC4373B1ACA2583008D5250 /* Debug */,
				CCC4373C1ACA2583008D5250 /* Release */,
			);
			defaultConfigurationIsVisible = 0;
			defaultConfigurationName = Release;
		};
		CCC4373D1ACA2583008D5250 /* Build configuration list for PBXNativeTarget "MyMovie" */ = {
			isa = XCConfigurationList;
			buildConfigurations = (
				CCC4373E1ACA2583008D5250 /* Debug */,
				CCC4373F1ACA2583008D5250 /* Release */,
			);
			defaultConfigurationIsVisible = 0;
		};
		CCC437401ACA2583008D5250 /* Build configuration list for PBXNativeTarget "MyMovieTests" */ = {
			isa = XCConfigurationList;
			buildConfigurations = (
				CCC437411ACA2583008D5250 /* Debug */,
				CCC437421ACA2583008D5250 /* Release */,
			);
			defaultConfigurationIsVisible = 0;
		};
/* End XCConfigurationList section */
	};
	rootObject = CCC437161ACA2583008D5250 /* Project object */;
}
